// !$*UTF8*$!
{
	archiveVersion = 1;
	classes = {
	};
	objectVersion = 77;
	objects = {

/* Begin PBXBuildFile section */
		9AF85B2B2CED04B900936C3E /* libpcap.tbd in Frameworks */ = {isa = PBXBuildFile; fileRef = 9AF85B2A2CED04B900936C3E /* libpcap.tbd */; platformFilters = (macos, ); };
		9AF85B312CEEC2DB00936C3E /* .gitignore in Resources */ = {isa = PBXBuildFile; fileRef = 9AF85B302CEEC2D500936C3E /* .gitignore */; };
/* End PBXBuildFile section */

/* Begin PBXContainerItemProxy section */
		9AF85B012CECF71D00936C3E /* PBXContainerItemProxy */ = {
			isa = PBXContainerItemProxy;
			containerPortal = 9AF85AE72CECF71C00936C3E /* Project object */;
			proxyType = 1;
			remoteGlobalIDString = 9AF85AEE2CECF71C00936C3E;
			remoteInfo = "Wireless Network Advisor";
		};
		9AF85B0B2CECF71D00936C3E /* PBXContainerItemProxy */ = {
			isa = PBXContainerItemProxy;
			containerPortal = 9AF85AE72CECF71C00936C3E /* Project object */;
			proxyType = 1;
			remoteGlobalIDString = 9AF85AEE2CECF71C00936C3E;
			remoteInfo = "Wireless Network Advisor";
		};
/* End PBXContainerItemProxy section */

/* Begin PBXFileReference section */
		9AF85AEF2CECF71C00936C3E /* Wireless Network Advisor.app */ = {isa = PBXFileReference; explicitFileType = wrapper.application; includeInIndex = 0; path = "Wireless Network Advisor.app"; sourceTree = BUILT_PRODUCTS_DIR; };
		9AF85B002CECF71D00936C3E /* Wireless Network AdvisorTests.xctest */ = {isa = PBXFileReference; explicitFileType = wrapper.cfbundle; includeInIndex = 0; path = "Wireless Network AdvisorTests.xctest"; sourceTree = BUILT_PRODUCTS_DIR; };
		9AF85B0A2CECF71D00936C3E /* Wireless Network AdvisorUITests.xctest */ = {isa = PBXFileReference; explicitFileType = wrapper.cfbundle; includeInIndex = 0; path = "Wireless Network AdvisorUITests.xctest"; sourceTree = BUILT_PRODUCTS_DIR; };
		9AF85B2A2CED04B900936C3E /* libpcap.tbd */ = {isa = PBXFileReference; lastKnownFileType = "sourcecode.text-based-dylib-definition"; name = libpcap.tbd; path = usr/lib/libpcap.tbd; sourceTree = SDKROOT; };
		9AF85B302CEEC2D500936C3E /* .gitignore */ = {isa = PBXFileReference; lastKnownFileType = text; path = .gitignore; sourceTree = "<group>"; };
/* End PBXFileReference section */

/* Begin PBXFileSystemSynchronizedRootGroup section */
		9AF85AF12CECF71C00936C3E /* Wireless Network Advisor */ = {
			isa = PBXFileSystemSynchronizedRootGroup;
			path = "Wireless Network Advisor";
			sourceTree = "<group>";
		};
		9AF85B032CECF71D00936C3E /* Wireless Network AdvisorTests */ = {
			isa = PBXFileSystemSynchronizedRootGroup;
			path = "Wireless Network AdvisorTests";
			sourceTree = "<group>";
		};
		9AF85B0D2CECF71D00936C3E /* Wireless Network AdvisorUITests */ = {
			isa = PBXFileSystemSynchronizedRootGroup;
			path = "Wireless Network AdvisorUITests";
			sourceTree = "<group>";
		};
/* End PBXFileSystemSynchronizedRootGroup section */

/* Begin PBXFrameworksBuildPhase section */
		9AF85AEC2CECF71C00936C3E /* Frameworks */ = {
			isa = PBXFrameworksBuildPhase;
			buildActionMask = 2147483647;
			files = (
				9AF85B2B2CED04B900936C3E /* libpcap.tbd in Frameworks */,
			);
			runOnlyForDeploymentPostprocessing = 0;
		};
		9AF85AFD2CECF71D00936C3E /* Frameworks */ = {
			isa = PBXFrameworksBuildPhase;
			buildActionMask = 2147483647;
			files = (
			);
			runOnlyForDeploymentPostprocessing = 0;
		};
		9AF85B072CECF71D00936C3E /* Frameworks */ = {
			isa = PBXFrameworksBuildPhase;
			buildActionMask = 2147483647;
			files = (
			);
			runOnlyForDeploymentPostprocessing = 0;
		};
/* End PBXFrameworksBuildPhase section */

/* Begin PBXGroup section */
		9AF85AE62CECF71C00936C3E = {
			isa = PBXGroup;
			children = (
				9AF85B302CEEC2D500936C3E /* .gitignore */,
				9AF85AF12CECF71C00936C3E /* Wireless Network Advisor */,
				9AF85B032CECF71D00936C3E /* Wireless Network AdvisorTests */,
				9AF85B0D2CECF71D00936C3E /* Wireless Network AdvisorUITests */,
				9AF85B292CED04B900936C3E /* Frameworks */,
				9AF85AF02CECF71C00936C3E /* Products */,
			);
			sourceTree = "<group>";
		};
		9AF85AF02CECF71C00936C3E /* Products */ = {
			isa = PBXGroup;
			children = (
				9AF85AEF2CECF71C00936C3E /* Wireless Network Advisor.app */,
				9AF85B002CECF71D00936C3E /* Wireless Network AdvisorTests.xctest */,
				9AF85B0A2CECF71D00936C3E /* Wireless Network AdvisorUITests.xctest */,
			);
			name = Products;
			sourceTree = "<group>";
		};
		9AF85B292CED04B900936C3E /* Frameworks */ = {
			isa = PBXGroup;
			children = (
				9AF85B2A2CED04B900936C3E /* libpcap.tbd */,
			);
			name = Frameworks;
			sourceTree = "<group>";
		};
/* End PBXGroup section */

/* Begin PBXNativeTarget section */
		9AF85AEE2CECF71C00936C3E /* Wireless Network Advisor */ = {
			isa = PBXNativeTarget;
			buildConfigurationList = 9AF85B142CECF71D00936C3E /* Build configuration list for PBXNativeTarget "Wireless Network Advisor" */;
			buildPhases = (
				9AF85AEB2CECF71C00936C3E /* Sources */,
				9AF85AEC2CECF71C00936C3E /* Frameworks */,
				9AF85AED2CECF71C00936C3E /* Resources */,
			);
			buildRules = (
			);
			dependencies = (
			);
			fileSystemSynchronizedGroups = (
				9AF85AF12CECF71C00936C3E /* Wireless Network Advisor */,
			);
			name = "Wireless Network Advisor";
			packageProductDependencies = (
			);
			productName = "Wireless Network Advisor";
			productReference = 9AF85AEF2CECF71C00936C3E /* Wireless Network Advisor.app */;
			productType = "com.apple.product-type.application";
		};
		9AF85AFF2CECF71D00936C3E /* Wireless Network AdvisorTests */ = {
			isa = PBXNativeTarget;
			buildConfigurationList = 9AF85B172CECF71D00936C3E /* Build configuration list for PBXNativeTarget "Wireless Network AdvisorTests" */;
			buildPhases = (
				9AF85AFC2CECF71D00936C3E /* Sources */,
				9AF85AFD2CECF71D00936C3E /* Frameworks */,
				9AF85AFE2CECF71D00936C3E /* Resources */,
			);
			buildRules = (
			);
			dependencies = (
				9AF85B022CECF71D00936C3E /* PBXTargetDependency */,
			);
			fileSystemSynchronizedGroups = (
				9AF85B032CECF71D00936C3E /* Wireless Network AdvisorTests */,
			);
			name = "Wireless Network AdvisorTests";
			packageProductDependencies = (
			);
			productName = "Wireless Network AdvisorTests";
			productReference = 9AF85B002CECF71D00936C3E /* Wireless Network AdvisorTests.xctest */;
			productType = "com.apple.product-type.bundle.unit-test";
		};
		9AF85B092CECF71D00936C3E /* Wireless Network AdvisorUITests */ = {
			isa = PBXNativeTarget;
			buildConfigurationList = 9AF85B1A2CECF71D00936C3E /* Build configuration list for PBXNativeTarget "Wireless Network AdvisorUITests" */;
			buildPhases = (
				9AF85B062CECF71D00936C3E /* Sources */,
				9AF85B072CECF71D00936C3E /* Frameworks */,
				9AF85B082CECF71D00936C3E /* Resources */,
			);
			buildRules = (
			);
			dependencies = (
				9AF85B0C2CECF71D00936C3E /* PBXTargetDependency */,
			);
			fileSystemSynchronizedGroups = (
				9AF85B0D2CECF71D00936C3E /* Wireless Network AdvisorUITests */,
			);
			name = "Wireless Network AdvisorUITests";
			packageProductDependencies = (
			);
			productName = "Wireless Network AdvisorUITests";
			productReference = 9AF85B0A2CECF71D00936C3E /* Wireless Network AdvisorUITests.xctest */;
			productType = "com.apple.product-type.bundle.ui-testing";
		};
/* End PBXNativeTarget section */

/* Begin PBXProject section */
		9AF85AE72CECF71C00936C3E /* Project object */ = {
			isa = PBXProject;
			attributes = {
				BuildIndependentTargetsInParallel = 1;
				LastSwiftUpdateCheck = 1610;
				LastUpgradeCheck = 1610;
				TargetAttributes = {
					9AF85AEE2CECF71C00936C3E = {
						CreatedOnToolsVersion = 16.1;
						LastSwiftMigration = 1610;
					};
					9AF85AFF2CECF71D00936C3E = {
						CreatedOnToolsVersion = 16.1;
						TestTargetID = 9AF85AEE2CECF71C00936C3E;
					};
					9AF85B092CECF71D00936C3E = {
						CreatedOnToolsVersion = 16.1;
						TestTargetID = 9AF85AEE2CECF71C00936C3E;
					};
				};
			};
			buildConfigurationList = 9AF85AEA2CECF71C00936C3E /* Build configuration list for PBXProject "Wireless Network Advisor" */;
			developmentRegion = en;
			hasScannedForEncodings = 0;
			knownRegions = (
				en,
				Base,
			);
			mainGroup = 9AF85AE62CECF71C00936C3E;
			minimizedProjectReferenceProxies = 1;
			preferredProjectObjectVersion = 77;
			productRefGroup = 9AF85AF02CECF71C00936C3E /* Products */;
			projectDirPath = "";
			projectRoot = "";
			targets = (
				9AF85AEE2CECF71C00936C3E /* Wireless Network Advisor */,
				9AF85AFF2CECF71D00936C3E /* Wireless Network AdvisorTests */,
				9AF85B092CECF71D00936C3E /* Wireless Network AdvisorUITests */,
			);
		};
/* End PBXProject section */

/* Begin PBXResourcesBuildPhase section */
		9AF85AED2CECF71C00936C3E /* Resources */ = {
			isa = PBXResourcesBuildPhase;
			buildActionMask = 2147483647;
			files = (
				9AF85B312CEEC2DB00936C3E /* .gitignore in Resources */,
			);
			runOnlyForDeploymentPostprocessing = 0;
		};
		9AF85AFE2CECF71D00936C3E /* Resources */ = {
			isa = PBXResourcesBuildPhase;
			buildActionMask = 2147483647;
			files = (
			);
			runOnlyForDeploymentPostprocessing = 0;
		};
		9AF85B082CECF71D00936C3E /* Resources */ = {
			isa = PBXResourcesBuildPhase;
			buildActionMask = 2147483647;
			files = (
			);
			runOnlyForDeploymentPostprocessing = 0;
		};
/* End PBXResourcesBuildPhase section */

/* Begin PBXSourcesBuildPhase section */
		9AF85AEB2CECF71C00936C3E /* Sources */ = {
			isa = PBXSourcesBuildPhase;
			buildActionMask = 2147483647;
			files = (
			);
			runOnlyForDeploymentPostprocessing = 0;
		};
		9AF85AFC2CECF71D00936C3E /* Sources */ = {
			isa = PBXSourcesBuildPhase;
			buildActionMask = 2147483647;
			files = (
			);
			runOnlyForDeploymentPostprocessing = 0;
		};
		9AF85B062CECF71D00936C3E /* Sources */ = {
			isa = PBXSourcesBuildPhase;
			buildActionMask = 2147483647;
			files = (
			);
			runOnlyForDeploymentPostprocessing = 0;
		};
/* End PBXSourcesBuildPhase section */

/* Begin PBXTargetDependency section */
		9AF85B022CECF71D00936C3E /* PBXTargetDependency */ = {
			isa = PBXTargetDependency;
			target = 9AF85AEE2CECF71C00936C3E /* Wireless Network Advisor */;
			targetProxy = 9AF85B012CECF71D00936C3E /* PBXContainerItemProxy */;
		};
		9AF85B0C2CECF71D00936C3E /* PBXTargetDependency */ = {
			isa = PBXTargetDependency;
			target = 9AF85AEE2CECF71C00936C3E /* Wireless Network Advisor */;
			targetProxy = 9AF85B0B2CECF71D00936C3E /* PBXContainerItemProxy */;
		};
/* End PBXTargetDependency section */

/* Begin XCBuildConfiguration section */
		9AF85B122CECF71D00936C3E /* Debug */ = {
			isa = XCBuildConfiguration;
			buildSettings = {
				ALWAYS_SEARCH_USER_PATHS = NO;
				ASSETCATALOG_COMPILER_GENERATE_SWIFT_ASSET_SYMBOL_EXTENSIONS = YES;
				CLANG_ANALYZER_NONNULL = YES;
				CLANG_ANALYZER_NUMBER_OBJECT_CONVERSION = YES_AGGRESSIVE;
				CLANG_CXX_LANGUAGE_STANDARD = "gnu++20";
				CLANG_ENABLE_MODULES = YES;
				CLANG_ENABLE_OBJC_ARC = YES;
				CLANG_ENABLE_OBJC_WEAK = YES;
				CLANG_WARN_BLOCK_CAPTURE_AUTORELEASING = YES;
				CLANG_WARN_BOOL_CONVERSION = YES;
				CLANG_WARN_COMMA = YES;
				CLANG_WARN_CONSTANT_CONVERSION = YES;
				CLANG_WARN_DEPRECATED_OBJC_IMPLEMENTATIONS = YES;
				CLANG_WARN_DIRECT_OBJC_ISA_USAGE = YES_ERROR;
				CLANG_WARN_DOCUMENTATION_COMMENTS = YES;
				CLANG_WARN_EMPTY_BODY = YES;
				CLANG_WARN_ENUM_CONVERSION = YES;
				CLANG_WARN_INFINITE_RECURSION = YES;
				CLANG_WARN_INT_CONVERSION = YES;
				CLANG_WARN_NON_LITERAL_NULL_CONVERSION = YES;
				CLANG_WARN_OBJC_IMPLICIT_RETAIN_SELF = YES;
				CLANG_WARN_OBJC_LITERAL_CONVERSION = YES;
				CLANG_WARN_OBJC_ROOT_CLASS = YES_ERROR;
				CLANG_WARN_QUOTED_INCLUDE_IN_FRAMEWORK_HEADER = YES;
				CLANG_WARN_RANGE_LOOP_ANALYSIS = YES;
				CLANG_WARN_STRICT_PROTOTYPES = YES;
				CLANG_WARN_SUSPICIOUS_MOVE = YES;
				CLANG_WARN_UNGUARDED_AVAILABILITY = YES_AGGRESSIVE;
				CLANG_WARN_UNREACHABLE_CODE = YES;
				CLANG_WARN__DUPLICATE_METHOD_MATCH = YES;
				COPY_PHASE_STRIP = NO;
				DEBUG_INFORMATION_FORMAT = dwarf;
				ENABLE_STRICT_OBJC_MSGSEND = YES;
				ENABLE_TESTABILITY = YES;
				ENABLE_USER_SCRIPT_SANDBOXING = YES;
				GCC_C_LANGUAGE_STANDARD = gnu17;
				GCC_DYNAMIC_NO_PIC = NO;
				GCC_NO_COMMON_BLOCKS = YES;
				GCC_OPTIMIZATION_LEVEL = 0;
				GCC_PREPROCESSOR_DEFINITIONS = (
					"DEBUG=1",
					"$(inherited)",
				);
				GCC_WARN_64_TO_32_BIT_CONVERSION = YES;
				GCC_WARN_ABOUT_RETURN_TYPE = YES_ERROR;
				GCC_WARN_UNDECLARED_SELECTOR = YES;
				GCC_WARN_UNINITIALIZED_AUTOS = YES_AGGRESSIVE;
				GCC_WARN_UNUSED_FUNCTION = YES;
				GCC_WARN_UNUSED_VARIABLE = YES;
				LOCALIZATION_PREFERS_STRING_CATALOGS = YES;
				MTL_ENABLE_DEBUG_INFO = INCLUDE_SOURCE;
				MTL_FAST_MATH = YES;
				ONLY_ACTIVE_ARCH = YES;
				SWIFT_ACTIVE_COMPILATION_CONDITIONS = "DEBUG $(inherited)";
				SWIFT_OPTIMIZATION_LEVEL = "-Onone";
			};
			name = Debug;
		};
		9AF85B132CECF71D00936C3E /* Release */ = {
			isa = XCBuildConfiguration;
			buildSettings = {
				ALWAYS_SEARCH_USER_PATHS = NO;
				ASSETCATALOG_COMPILER_GENERATE_SWIFT_ASSET_SYMBOL_EXTENSIONS = YES;
				CLANG_ANALYZER_NONNULL = YES;
				CLANG_ANALYZER_NUMBER_OBJECT_CONVERSION = YES_AGGRESSIVE;
				CLANG_CXX_LANGUAGE_STANDARD = "gnu++20";
				CLANG_ENABLE_MODULES = YES;
				CLANG_ENABLE_OBJC_ARC = YES;
				CLANG_ENABLE_OBJC_WEAK = YES;
				CLANG_WARN_BLOCK_CAPTURE_AUTORELEASING = YES;
				CLANG_WARN_BOOL_CONVERSION = YES;
				CLANG_WARN_COMMA = YES;
				CLANG_WARN_CONSTANT_CONVERSION = YES;
				CLANG_WARN_DEPRECATED_OBJC_IMPLEMENTATIONS = YES;
				CLANG_WARN_DIRECT_OBJC_ISA_USAGE = YES_ERROR;
				CLANG_WARN_DOCUMENTATION_COMMENTS = YES;
				CLANG_WARN_EMPTY_BODY = YES;
				CLANG_WARN_ENUM_CONVERSION = YES;
				CLANG_WARN_INFINITE_RECURSION = YES;
				CLANG_WARN_INT_CONVERSION = YES;
				CLANG_WARN_NON_LITERAL_NULL_CONVERSION = YES;
				CLANG_WARN_OBJC_IMPLICIT_RETAIN_SELF = YES;
				CLANG_WARN_OBJC_LITERAL_CONVERSION = YES;
				CLANG_WARN_OBJC_ROOT_CLASS = YES_ERROR;
				CLANG_WARN_QUOTED_INCLUDE_IN_FRAMEWORK_HEADER = YES;
				CLANG_WARN_RANGE_LOOP_ANALYSIS = YES;
				CLANG_WARN_STRICT_PROTOTYPES = YES;
				CLANG_WARN_SUSPICIOUS_MOVE = YES;
				CLANG_WARN_UNGUARDED_AVAILABILITY = YES_AGGRESSIVE;
				CLANG_WARN_UNREACHABLE_CODE = YES;
				CLANG_WARN__DUPLICATE_METHOD_MATCH = YES;
				COPY_PHASE_STRIP = NO;
				DEBUG_INFORMATION_FORMAT = "dwarf-with-dsym";
				ENABLE_NS_ASSERTIONS = NO;
				ENABLE_STRICT_OBJC_MSGSEND = YES;
				ENABLE_USER_SCRIPT_SANDBOXING = YES;
				GCC_C_LANGUAGE_STANDARD = gnu17;
				GCC_NO_COMMON_BLOCKS = YES;
				GCC_WARN_64_TO_32_BIT_CONVERSION = YES;
				GCC_WARN_ABOUT_RETURN_TYPE = YES_ERROR;
				GCC_WARN_UNDECLARED_SELECTOR = YES;
				GCC_WARN_UNINITIALIZED_AUTOS = YES_AGGRESSIVE;
				GCC_WARN_UNUSED_FUNCTION = YES;
				GCC_WARN_UNUSED_VARIABLE = YES;
				LOCALIZATION_PREFERS_STRING_CATALOGS = YES;
				MTL_ENABLE_DEBUG_INFO = NO;
				MTL_FAST_MATH = YES;
				SWIFT_COMPILATION_MODE = wholemodule;
			};
			name = Release;
		};
		9AF85B152CECF71D00936C3E /* Debug */ = {
			isa = XCBuildConfiguration;
			buildSettings = {
				ASSETCATALOG_COMPILER_APPICON_NAME = AppIcon;
				ASSETCATALOG_COMPILER_GLOBAL_ACCENT_COLOR_NAME = AccentColor;
				CLANG_ENABLE_MODULES = YES;
				CODE_SIGN_ENTITLEMENTS = "Wireless Network Advisor/Wireless_Network_Advisor.entitlements";
				CODE_SIGN_STYLE = Automatic;
				CURRENT_PROJECT_VERSION = 1;
				DEVELOPMENT_ASSET_PATHS = "\"Wireless Network Advisor/Preview Content\"";
				ENABLE_PREVIEWS = YES;
				GENERATE_INFOPLIST_FILE = YES;
				"INFOPLIST_KEY_UIApplicationSceneManifest_Generation[sdk=iphoneos*]" = YES;
				"INFOPLIST_KEY_UIApplicationSceneManifest_Generation[sdk=iphonesimulator*]" = YES;
				"INFOPLIST_KEY_UIApplicationSupportsIndirectInputEvents[sdk=iphoneos*]" = YES;
				"INFOPLIST_KEY_UIApplicationSupportsIndirectInputEvents[sdk=iphonesimulator*]" = YES;
				"INFOPLIST_KEY_UILaunchScreen_Generation[sdk=iphoneos*]" = YES;
				"INFOPLIST_KEY_UILaunchScreen_Generation[sdk=iphonesimulator*]" = YES;
				"INFOPLIST_KEY_UIStatusBarStyle[sdk=iphoneos*]" = UIStatusBarStyleDefault;
				"INFOPLIST_KEY_UIStatusBarStyle[sdk=iphonesimulator*]" = UIStatusBarStyleDefault;
				INFOPLIST_KEY_UISupportedInterfaceOrientations_iPad = "UIInterfaceOrientationPortrait UIInterfaceOrientationPortraitUpsideDown UIInterfaceOrientationLandscapeLeft UIInterfaceOrientationLandscapeRight";
				INFOPLIST_KEY_UISupportedInterfaceOrientations_iPhone = "UIInterfaceOrientationPortrait UIInterfaceOrientationLandscapeLeft UIInterfaceOrientationLandscapeRight";
				IPHONEOS_DEPLOYMENT_TARGET = 18.1;
				LD_RUNPATH_SEARCH_PATHS = "@executable_path/Frameworks";
				"LD_RUNPATH_SEARCH_PATHS[sdk=macosx*]" = "@executable_path/../Frameworks";
				MACOSX_DEPLOYMENT_TARGET = 15.1;
				MARKETING_VERSION = 1.0;
				PRODUCT_BUNDLE_IDENTIFIER = "owen.Wireless-Network-Advisor";
				PRODUCT_NAME = "$(TARGET_NAME)";
				SDKROOT = auto;
				SUPPORTED_PLATFORMS = "iphoneos iphonesimulator macosx xros xrsimulator";
				SWIFT_EMIT_LOC_STRINGS = YES;
				SWIFT_OBJC_BRIDGING_HEADER = "Wireless Network Advisor/Wireless_Network_Advisor-Bridging-Header.h";
				SWIFT_OPTIMIZATION_LEVEL = "-Onone";
				SWIFT_VERSION = 5.0;
				TARGETED_DEVICE_FAMILY = "1,2,7";
				XROS_DEPLOYMENT_TARGET = 2.1;
			};
			name = Debug;
		};
		9AF85B162CECF71D00936C3E /* Release */ = {
			isa = XCBuildConfiguration;
			buildSettings = {
				ASSETCATALOG_COMPILER_APPICON_NAME = AppIcon;
				ASSETCATALOG_COMPILER_GLOBAL_ACCENT_COLOR_NAME = AccentColor;
				CLANG_ENABLE_MODULES = YES;
				CODE_SIGN_ENTITLEMENTS = "Wireless Network Advisor/Wireless_Network_Advisor.entitlements";
				CODE_SIGN_STYLE = Automatic;
				CURRENT_PROJECT_VERSION = 1;
				DEVELOPMENT_ASSET_PATHS = "\"Wireless Network Advisor/Preview Content\"";
				ENABLE_PREVIEWS = YES;
				GENERATE_INFOPLIST_FILE = YES;
				"INFOPLIST_KEY_UIApplicationSceneManifest_Generation[sdk=iphoneos*]" = YES;
				"INFOPLIST_KEY_UIApplicationSceneManifest_Generation[sdk=iphonesimulator*]" = YES;
				"INFOPLIST_KEY_UIApplicationSupportsIndirectInputEvents[sdk=iphoneos*]" = YES;
				"INFOPLIST_KEY_UIApplicationSupportsIndirectInputEvents[sdk=iphonesimulator*]" = YES;
				"INFOPLIST_KEY_UILaunchScreen_Generation[sdk=iphoneos*]" = YES;
				"INFOPLIST_KEY_UILaunchScreen_Generation[sdk=iphonesimulator*]" = YES;
				"INFOPLIST_KEY_UIStatusBarStyle[sdk=iphoneos*]" = UIStatusBarStyleDefault;
				"INFOPLIST_KEY_UIStatusBarStyle[sdk=iphonesimulator*]" = UIStatusBarStyleDefault;
				INFOPLIST_KEY_UISupportedInterfaceOrientations_iPad = "UIInterfaceOrientationPortrait UIInterfaceOrientationPortraitUpsideDown UIInterfaceOrientationLandscapeLeft UIInterfaceOrientationLandscapeRight";
				INFOPLIST_KEY_UISupportedInterfaceOrientations_iPhone = "UIInterfaceOrientationPortrait UIInterfaceOrientationLandscapeLeft UIInterfaceOrientationLandscapeRight";
				IPHONEOS_DEPLOYMENT_TARGET = 18.1;
				LD_RUNPATH_SEARCH_PATHS = "@executable_path/Frameworks";
				"LD_RUNPATH_SEARCH_PATHS[sdk=macosx*]" = "@executable_path/../Frameworks";
				MACOSX_DEPLOYMENT_TARGET = 15.1;
				MARKETING_VERSION = 1.0;
				PRODUCT_BUNDLE_IDENTIFIER = "owen.Wireless-Network-Advisor";
				PRODUCT_NAME = "$(TARGET_NAME)";
				SDKROOT = auto;
				SUPPORTED_PLATFORMS = "iphoneos iphonesimulator macosx xros xrsimulator";
				SWIFT_EMIT_LOC_STRINGS = YES;
				SWIFT_OBJC_BRIDGING_HEADER = "Wireless Network Advisor/Wireless_Network_Advisor-Bridging-Header.h";
				SWIFT_VERSION = 5.0;
				TARGETED_DEVICE_FAMILY = "1,2,7";
				XROS_DEPLOYMENT_TARGET = 2.1;
			};
			name = Release;
		};
		9AF85B182CECF71D00936C3E /* Debug */ = {
			isa = XCBuildConfiguration;
			buildSettings = {
				BUNDLE_LOADER = "$(TEST_HOST)";
				CODE_SIGN_STYLE = Automatic;
				CURRENT_PROJECT_VERSION = 1;
				GENERATE_INFOPLIST_FILE = YES;
				IPHONEOS_DEPLOYMENT_TARGET = 18.1;
				MACOSX_DEPLOYMENT_TARGET = 15.1;
				MARKETING_VERSION = 1.0;
				PRODUCT_BUNDLE_IDENTIFIER = "owen.Wireless-Network-AdvisorTests";
				PRODUCT_NAME = "$(TARGET_NAME)";
				SDKROOT = auto;
				SUPPORTED_PLATFORMS = "iphoneos iphonesimulator macosx xros xrsimulator";
				SWIFT_EMIT_LOC_STRINGS = NO;
				SWIFT_VERSION = 5.0;
				TARGETED_DEVICE_FAMILY = "1,2,7";
				TEST_HOST = "$(BUILT_PRODUCTS_DIR)/Wireless Network Advisor.app/$(BUNDLE_EXECUTABLE_FOLDER_PATH)/Wireless Network Advisor";
				XROS_DEPLOYMENT_TARGET = 2.1;
			};
			name = Debug;
		};
		9AF85B192CECF71D00936C3E /* Release */ = {
			isa = XCBuildConfiguration;
			buildSettings = {
				BUNDLE_LOADER = "$(TEST_HOST)";
				CODE_SIGN_STYLE = Automatic;
				CURRENT_PROJECT_VERSION = 1;
				GENERATE_INFOPLIST_FILE = YES;
				IPHONEOS_DEPLOYMENT_TARGET = 18.1;
				MACOSX_DEPLOYMENT_TARGET = 15.1;
				MARKETING_VERSION = 1.0;
				PRODUCT_BUNDLE_IDENTIFIER = "owen.Wireless-Network-AdvisorTests";
				PRODUCT_NAME = "$(TARGET_NAME)";
				SDKROOT = auto;
				SUPPORTED_PLATFORMS = "iphoneos iphonesimulator macosx xros xrsimulator";
				SWIFT_EMIT_LOC_STRINGS = NO;
				SWIFT_VERSION = 5.0;
				TARGETED_DEVICE_FAMILY = "1,2,7";
				TEST_HOST = "$(BUILT_PRODUCTS_DIR)/Wireless Network Advisor.app/$(BUNDLE_EXECUTABLE_FOLDER_PATH)/Wireless Network Advisor";
				XROS_DEPLOYMENT_TARGET = 2.1;
			};
			name = Release;
		};
		9AF85B1B2CECF71D00936C3E /* Debug */ = {
			isa = XCBuildConfiguration;
			buildSettings = {
				CODE_SIGN_STYLE = Automatic;
				CURRENT_PROJECT_VERSION = 1;
				GENERATE_INFOPLIST_FILE = YES;
				IPHONEOS_DEPLOYMENT_TARGET = 18.1;
				MACOSX_DEPLOYMENT_TARGET = 15.1;
				MARKETING_VERSION = 1.0;
				PRODUCT_BUNDLE_IDENTIFIER = "owen.Wireless-Network-AdvisorUITests";
				PRODUCT_NAME = "$(TARGET_NAME)";
				SDKROOT = auto;
				SUPPORTED_PLATFORMS = "iphoneos iphonesimulator macosx xros xrsimulator";
				SWIFT_EMIT_LOC_STRINGS = NO;
				SWIFT_OBJC_BRIDGING_HEADER = "Wireless Network Advisor/Wireless_Network_Advisor-Bridging-Header.h";
				SWIFT_VERSION = 5.0;
				TARGETED_DEVICE_FAMILY = "1,2,7";
				TEST_TARGET_NAME = "Wireless Network Advisor";
				XROS_DEPLOYMENT_TARGET = 2.1;
			};
			name = Debug;
		};
		9AF85B1C2CECF71D00936C3E /* Release */ = {
			isa = XCBuildConfiguration;
			buildSettings = {
				CODE_SIGN_STYLE = Automatic;
				CURRENT_PROJECT_VERSION = 1;
				GENERATE_INFOPLIST_FILE = YES;
				IPHONEOS_DEPLOYMENT_TARGET = 18.1;
				MACOSX_DEPLOYMENT_TARGET = 15.1;
				MARKETING_VERSION = 1.0;
				PRODUCT_BUNDLE_IDENTIFIER = "owen.Wireless-Network-AdvisorUITests";
				PRODUCT_NAME = "$(TARGET_NAME)";
				SDKROOT = auto;
				SUPPORTED_PLATFORMS = "iphoneos iphonesimulator macosx xros xrsimulator";
				SWIFT_EMIT_LOC_STRINGS = NO;
				SWIFT_OBJC_BRIDGING_HEADER = "Wireless Network Advisor/Wireless_Network_Advisor-Bridging-Header.h";
				SWIFT_VERSION = 5.0;
				TARGETED_DEVICE_FAMILY = "1,2,7";
				TEST_TARGET_NAME = "Wireless Network Advisor";
				XROS_DEPLOYMENT_TARGET = 2.1;
			};
			name = Release;
		};
/* End XCBuildConfiguration section */

/* Begin XCConfigurationList section */
		9AF85AEA2CECF71C00936C3E /* Build configuration list for PBXProject "Wireless Network Advisor" */ = {
			isa = XCConfigurationList;
			buildConfigurations = (
				9AF85B122CECF71D00936C3E /* Debug */,
				9AF85B132CECF71D00936C3E /* Release */,
			);
			defaultConfigurationIsVisible = 0;
			defaultConfigurationName = Release;
		};
		9AF85B142CECF71D00936C3E /* Build configuration list for PBXNativeTarget "Wireless Network Advisor" */ = {
			isa = XCConfigurationList;
			buildConfigurations = (
				9AF85B152CECF71D00936C3E /* Debug */,
				9AF85B162CECF71D00936C3E /* Release */,
			);
			defaultConfigurationIsVisible = 0;
			defaultConfigurationName = Release;
		};
		9AF85B172CECF71D00936C3E /* Build configuration list for PBXNativeTarget "Wireless Network AdvisorTests" */ = {
			isa = XCConfigurationList;
			buildConfigurations = (
				9AF85B182CECF71D00936C3E /* Debug */,
				9AF85B192CECF71D00936C3E /* Release */,
			);
			defaultConfigurationIsVisible = 0;
			defaultConfigurationName = Release;
		};
		9AF85B1A2CECF71D00936C3E /* Build configuration list for PBXNativeTarget "Wireless Network AdvisorUITests" */ = {
			isa = XCConfigurationList;
			buildConfigurations = (
				9AF85B1B2CECF71D00936C3E /* Debug */,
				9AF85B1C2CECF71D00936C3E /* Release */,
			);
			defaultConfigurationIsVisible = 0;
			defaultConfigurationName = Release;
		};
/* End XCConfigurationList section */
	};
	rootObject = 9AF85AE72CECF71C00936C3E /* Project object */;
}
